// !$*UTF8*$!
{
	archiveVersion = 1;
	classes = {
	};
	objectVersion = 48;
	objects = {

/* Begin PBXBuildFile section */
		0FF1D2AE20432B9F00760EA7 /* AppDelegate.swift in Sources */ = {isa = PBXBuildFile; fileRef = 0FF1D2AD20432B9F00760EA7 /* AppDelegate.swift */; };
		0FF1D2B020432B9F00760EA7 /* ViewController.swift in Sources */ = {isa = PBXBuildFile; fileRef = 0FF1D2AF20432B9F00760EA7 /* ViewController.swift */; };
		0FF1D2B320432B9F00760EA7 /* Main.storyboard in Resources */ = {isa = PBXBuildFile; fileRef = 0FF1D2B120432B9F00760EA7 /* Main.storyboard */; };
		0FF1D2B520432B9F00760EA7 /* Assets.xcassets in Resources */ = {isa = PBXBuildFile; fileRef = 0FF1D2B420432B9F00760EA7 /* Assets.xcassets */; };
		0FF1D2B820432B9F00760EA7 /* LaunchScreen.storyboard in Resources */ = {isa = PBXBuildFile; fileRef = 0FF1D2B620432B9F00760EA7 /* LaunchScreen.storyboard */; };
		0FF1D2C320432B9F00760EA7 /* TesteTecnicoCVCTests.swift in Sources */ = {isa = PBXBuildFile; fileRef = 0FF1D2C220432B9F00760EA7 /* TesteTecnicoCVCTests.swift */; };
/* End PBXBuildFile section */

/* Begin PBXContainerItemProxy section */
		0FF1D2BF20432B9F00760EA7 /* PBXContainerItemProxy */ = {
			isa = PBXContainerItemProxy;
			containerPortal = 0FF1D2A220432B9F00760EA7 /* Project object */;
			proxyType = 1;
			remoteGlobalIDString = 0FF1D2A920432B9F00760EA7;
			remoteInfo = TesteTecnicoCVC;
		};
/* End PBXContainerItemProxy section */

/* Begin PBXFileReference section */
		0FF1D2AA20432B9F00760EA7 /* TesteTecnicoCVC.app */ = {isa = PBXFileReference; explicitFileType = wrapper.application; includeInIndex = 0; path = TesteTecnicoCVC.app; sourceTree = BUILT_PRODUCTS_DIR; };
		0FF1D2AD20432B9F00760EA7 /* AppDelegate.swift */ = {isa = PBXFileReference; lastKnownFileType = sourcecode.swift; path = AppDelegate.swift; sourceTree = "<group>"; };
		0FF1D2AF20432B9F00760EA7 /* ViewController.swift */ = {isa = PBXFileReference; lastKnownFileType = sourcecode.swift; path = ViewController.swift; sourceTree = "<group>"; };
		0FF1D2B220432B9F00760EA7 /* Base */ = {isa = PBXFileReference; lastKnownFileType = file.storyboard; name = Base; path = Base.lproj/Main.storyboard; sourceTree = "<group>"; };
		0FF1D2B420432B9F00760EA7 /* Assets.xcassets */ = {isa = PBXFileReference; lastKnownFileType = folder.assetcatalog; path = Assets.xcassets; sourceTree = "<group>"; };
		0FF1D2B720432B9F00760EA7 /* Base */ = {isa = PBXFileReference; lastKnownFileType = file.storyboard; name = Base; path = Base.lproj/LaunchScreen.storyboard; sourceTree = "<group>"; };
		0FF1D2B920432B9F00760EA7 /* Info.plist */ = {isa = PBXFileReference; lastKnownFileType = text.plist.xml; path = Info.plist; sourceTree = "<group>"; };
		0FF1D2BE20432B9F00760EA7 /* TesteTecnicoCVCTests.xctest */ = {isa = PBXFileReference; explicitFileType = wrapper.cfbundle; includeInIndex = 0; path = TesteTecnicoCVCTests.xctest; sourceTree = BUILT_PRODUCTS_DIR; };
		0FF1D2C220432B9F00760EA7 /* TesteTecnicoCVCTests.swift */ = {isa = PBXFileReference; lastKnownFileType = sourcecode.swift; path = TesteTecnicoCVCTests.swift; sourceTree = "<group>"; };
		0FF1D2C420432B9F00760EA7 /* Info.plist */ = {isa = PBXFileReference; lastKnownFileType = text.plist.xml; path = Info.plist; sourceTree = "<group>"; };
/* End PBXFileReference section */

/* Begin PBXFrameworksBuildPhase section */
		0FF1D2A720432B9F00760EA7 /* Frameworks */ = {
			isa = PBXFrameworksBuildPhase;
			buildActionMask = 2147483647;
			files = (
			);
			runOnlyForDeploymentPostprocessing = 0;
		};
		0FF1D2BB20432B9F00760EA7 /* Frameworks */ = {
			isa = PBXFrameworksBuildPhase;
			buildActionMask = 2147483647;
			files = (
			);
			runOnlyForDeploymentPostprocessing = 0;
		};
/* End PBXFrameworksBuildPhase section */

/* Begin PBXGroup section */
		0FF1D2A120432B9F00760EA7 = {
			isa = PBXGroup;
			children = (
				0FF1D2AC20432B9F00760EA7 /* TesteTecnicoCVC */,
				0FF1D2C120432B9F00760EA7 /* TesteTecnicoCVCTests */,
				0FF1D2AB20432B9F00760EA7 /* Products */,
			);
			sourceTree = "<group>";
		};
		0FF1D2AB20432B9F00760EA7 /* Products */ = {
			isa = PBXGroup;
			children = (
				0FF1D2AA20432B9F00760EA7 /* TesteTecnicoCVC.app */,
				0FF1D2BE20432B9F00760EA7 /* TesteTecnicoCVCTests.xctest */,
			);
			name = Products;
			sourceTree = "<group>";
		};
		0FF1D2AC20432B9F00760EA7 /* TesteTecnicoCVC */ = {
			isa = PBXGroup;
			children = (
				0FF1D2AD20432B9F00760EA7 /* AppDelegate.swift */,
				0FF1D2AF20432B9F00760EA7 /* ViewController.swift */,
				0FF1D2B120432B9F00760EA7 /* Main.storyboard */,
				0FF1D2B420432B9F00760EA7 /* Assets.xcassets */,
				0FF1D2B620432B9F00760EA7 /* LaunchScreen.storyboard */,
				0FF1D2B920432B9F00760EA7 /* Info.plist */,
			);
			path = TesteTecnicoCVC;
			sourceTree = "<group>";
		};
		0FF1D2C120432B9F00760EA7 /* TesteTecnicoCVCTests */ = {
			isa = PBXGroup;
			children = (
				0FF1D2C220432B9F00760EA7 /* TesteTecnicoCVCTests.swift */,
				0FF1D2C420432B9F00760EA7 /* Info.plist */,
			);
			path = TesteTecnicoCVCTests;
			sourceTree = "<group>";
		};
/* End PBXGroup section */

/* Begin PBXNativeTarget section */
		0FF1D2A920432B9F00760EA7 /* TesteTecnicoCVC */ = {
			isa = PBXNativeTarget;
			buildConfigurationList = 0FF1D2C720432B9F00760EA7 /* Build configuration list for PBXNativeTarget "TesteTecnicoCVC" */;
			buildPhases = (
				0FF1D2A620432B9F00760EA7 /* Sources */,
				0FF1D2A720432B9F00760EA7 /* Frameworks */,
				0FF1D2A820432B9F00760EA7 /* Resources */,
			);
			buildRules = (
			);
			dependencies = (
			);
			name = TesteTecnicoCVC;
			productName = TesteTecnicoCVC;
			productReference = 0FF1D2AA20432B9F00760EA7 /* TesteTecnicoCVC.app */;
			productType = "com.apple.product-type.application";
		};
		0FF1D2BD20432B9F00760EA7 /* TesteTecnicoCVCTests */ = {
			isa = PBXNativeTarget;
			buildConfigurationList = 0FF1D2CA20432B9F00760EA7 /* Build configuration list for PBXNativeTarget "TesteTecnicoCVCTests" */;
			buildPhases = (
				0FF1D2BA20432B9F00760EA7 /* Sources */,
				0FF1D2BB20432B9F00760EA7 /* Frameworks */,
				0FF1D2BC20432B9F00760EA7 /* Resources */,
			);
			buildRules = (
			);
			dependencies = (
				0FF1D2C020432B9F00760EA7 /* PBXTargetDependency */,
			);
			name = TesteTecnicoCVCTests;
			productName = TesteTecnicoCVCTests;
			productReference = 0FF1D2BE20432B9F00760EA7 /* TesteTecnicoCVCTests.xctest */;
			productType = "com.apple.product-type.bundle.unit-test";
		};
/* End PBXNativeTarget section */

/* Begin PBXProject section */
		0FF1D2A220432B9F00760EA7 /* Project object */ = {
			isa = PBXProject;
			attributes = {
				LastSwiftUpdateCheck = 0920;
				LastUpgradeCheck = 0920;
				ORGANIZATIONNAME = SGJ;
				TargetAttributes = {
					0FF1D2A920432B9F00760EA7 = {
						CreatedOnToolsVersion = 9.2;
						ProvisioningStyle = Automatic;
					};
					0FF1D2BD20432B9F00760EA7 = {
						CreatedOnToolsVersion = 9.2;
						ProvisioningStyle = Automatic;
						TestTargetID = 0FF1D2A920432B9F00760EA7;
					};
				};
			};
			buildConfigurationList = 0FF1D2A520432B9F00760EA7 /* Build configuration list for PBXProject "TesteTecnicoCVC" */;
			compatibilityVersion = "Xcode 8.0";
			developmentRegion = en;
			hasScannedForEncodings = 0;
			knownRegions = (
				en,
				Base,
			);
			mainGroup = 0FF1D2A120432B9F00760EA7;
			productRefGroup = 0FF1D2AB20432B9F00760EA7 /* Products */;
			projectDirPath = "";
			projectRoot = "";
			targets = (
				0FF1D2A920432B9F00760EA7 /* TesteTecnicoCVC */,
				0FF1D2BD20432B9F00760EA7 /* TesteTecnicoCVCTests */,
			);
		};
/* End PBXProject section */

/* Begin PBXResourcesBuildPhase section */
		0FF1D2A820432B9F00760EA7 /* Resources */ = {
			isa = PBXResourcesBuildPhase;
			buildActionMask = 2147483647;
			files = (
				0FF1D2B820432B9F00760EA7 /* LaunchScreen.storyboard in Resources */,
				0FF1D2B520432B9F00760EA7 /* Assets.xcassets in Resources */,
				0FF1D2B320432B9F00760EA7 /* Main.storyboard in Resources */,
			);
			runOnlyForDeploymentPostprocessing = 0;
		};
		0FF1D2BC20432B9F00760EA7 /* Resources */ = {
			isa = PBXResourcesBuildPhase;
			buildActionMask = 2147483647;
			files = (
			);
			runOnlyForDeploymentPostprocessing = 0;
		};
/* End PBXResourcesBuildPhase section */

/* Begin PBXSourcesBuildPhase section */
		0FF1D2A620432B9F00760EA7 /* Sources */ = {
			isa = PBXSourcesBuildPhase;
			buildActionMask = 2147483647;
			files = (
				0FF1D2B020432B9F00760EA7 /* ViewController.swift in Sources */,
				0FF1D2AE20432B9F00760EA7 /* AppDelegate.swift in Sources */,
			);
			runOnlyForDeploymentPostprocessing = 0;
		};
		0FF1D2BA20432B9F00760EA7 /* Sources */ = {
			isa = PBXSourcesBuildPhase;
			buildActionMask = 2147483647;
			files = (
				0FF1D2C320432B9F00760EA7 /* TesteTecnicoCVCTests.swift in Sources */,
			);
			runOnlyForDeploymentPostprocessing = 0;
		};
/* End PBXSourcesBuildPhase section */

/* Begin PBXTargetDependency section */
		0FF1D2C020432B9F00760EA7 /* PBXTargetDependency */ = {
			isa = PBXTargetDependency;
			target = 0FF1D2A920432B9F00760EA7 /* TesteTecnicoCVC */;
			targetProxy = 0FF1D2BF20432B9F00760EA7 /* PBXContainerItemProxy */;
		};
/* End PBXTargetDependency section */

/* Begin PBXVariantGroup section */
		0FF1D2B120432B9F00760EA7 /* Main.storyboard */ = {
			isa = PBXVariantGroup;
			children = (
				0FF1D2B220432B9F00760EA7 /* Base */,
			);
			name = Main.storyboard;
			sourceTree = "<group>";
		};
		0FF1D2B620432B9F00760EA7 /* LaunchScreen.storyboard */ = {
			isa = PBXVariantGroup;
			children = (
				0FF1D2B720432B9F00760EA7 /* Base */,
			);
			name = LaunchScreen.storyboard;
			sourceTree = "<group>";
		};
/* End PBXVariantGroup section */

/* Begin XCBuildConfiguration section */
		0FF1D2C520432B9F00760EA7 /* Debug */ = {
			isa = XCBuildConfiguration;
			buildSettings = {
				ALWAYS_SEARCH_USER_PATHS = NO;
				CLANG_ANALYZER_NONNULL = YES;
				CLANG_ANALYZER_NUMBER_OBJECT_CONVERSION = YES_AGGRESSIVE;
				CLANG_CXX_LANGUAGE_STANDARD = "gnu++14";
				CLANG_CXX_LIBRARY = "libc++";
				CLANG_ENABLE_MODULES = YES;
				CLANG_ENABLE_OBJC_ARC = YES;
				CLANG_WARN_BLOCK_CAPTURE_AUTORELEASING = YES;
				CLANG_WARN_BOOL_CONVERSION = YES;
				CLANG_WARN_COMMA = YES;
				CLANG_WARN_CONSTANT_CONVERSION = YES;
				CLANG_WARN_DIRECT_OBJC_ISA_USAGE = YES_ERROR;
				CLANG_WARN_DOCUMENTATION_COMMENTS = YES;
				CLANG_WARN_EMPTY_BODY = YES;
				CLANG_WARN_ENUM_CONVERSION = YES;
				CLANG_WARN_INFINITE_RECURSION = YES;
				CLANG_WARN_INT_CONVERSION = YES;
				CLANG_WARN_NON_LITERAL_NULL_CONVERSION = YES;
				CLANG_WARN_OBJC_LITERAL_CONVERSION = YES;
				CLANG_WARN_OBJC_ROOT_CLASS = YES_ERROR;
				CLANG_WARN_RANGE_LOOP_ANALYSIS = YES;
				CLANG_WARN_STRICT_PROTOTYPES = YES;
				CLANG_WARN_SUSPICIOUS_MOVE = YES;
				CLANG_WARN_UNGUARDED_AVAILABILITY = YES_AGGRESSIVE;
				CLANG_WARN_UNREACHABLE_CODE = YES;
				CLANG_WARN__DUPLICATE_METHOD_MATCH = YES;
				CODE_SIGN_IDENTITY = "iPhone Developer";
				COPY_PHASE_STRIP = NO;
				DEBUG_INFORMATION_FORMAT = dwarf;
				ENABLE_STRICT_OBJC_MSGSEND = YES;
				ENABLE_TESTABILITY = YES;
				GCC_C_LANGUAGE_STANDARD = gnu11;
				GCC_DYNAMIC_NO_PIC = NO;
				GCC_NO_COMMON_BLOCKS = YES;
				GCC_OPTIMIZATION_LEVEL = 0;
				GCC_PREPROCESSOR_DEFINITIONS = (
					"DEBUG=1",
					"$(inherited)",
				);
				GCC_WARN_64_TO_32_BIT_CONVERSION = YES;
				GCC_WARN_ABOUT_RETURN_TYPE = YES_ERROR;
				GCC_WARN_UNDECLARED_SELECTOR = YES;
				GCC_WARN_UNINITIALIZED_AUTOS = YES_AGGRESSIVE;
				GCC_WARN_UNUSED_FUNCTION = YES;
				GCC_WARN_UNUSED_VARIABLE = YES;
				IPHONEOS_DEPLOYMENT_TARGET = 11.2;
				MTL_ENABLE_DEBUG_INFO = YES;
				ONLY_ACTIVE_ARCH = YES;
				SDKROOT = iphoneos;
				SWIFT_ACTIVE_COMPILATION_CONDITIONS = DEBUG;
				SWIFT_OPTIMIZATION_LEVEL = "-Onone";
			};
			name = Debug;
		};
		0FF1D2C620432B9F00760EA7 /* Release */ = {
			isa = XCBuildConfiguration;
			buildSettings = {
				ALWAYS_SEARCH_USER_PATHS = NO;
				CLANG_ANALYZER_NONNULL = YES;
				CLANG_ANALYZER_NUMBER_OBJECT_CONVERSION = YES_AGGRESSIVE;
				CLANG_CXX_LANGUAGE_STANDARD = "gnu++14";
				CLANG_CXX_LIBRARY = "libc++";
				CLANG_ENABLE_MODULES = YES;
				CLANG_ENABLE_OBJC_ARC = YES;
				CLANG_WARN_BLOCK_CAPTURE_AUTORELEASING = YES;
				CLANG_WARN_BOOL_CONVERSION = YES;
				CLANG_WARN_COMMA = YES;
				CLANG_WARN_CONSTANT_CONVERSION = YES;
				CLANG_WARN_DIRECT_OBJC_ISA_USAGE = YES_ERROR;
				CLANG_WARN_DOCUMENTATION_COMMENTS = YES;
				CLANG_WARN_EMPTY_BODY = YES;
				CLANG_WARN_ENUM_CONVERSION = YES;
				CLANG_WARN_INFINITE_RECURSION = YES;
				CLANG_WARN_INT_CONVERSION = YES;
				CLANG_WARN_NON_LITERAL_NULL_CONVERSION = YES;
				CLANG_WARN_OBJC_LITERAL_CONVERSION = YES;
				CLANG_WARN_OBJC_ROOT_CLASS = YES_ERROR;
				CLANG_WARN_RANGE_LOOP_ANALYSIS = YES;
				CLANG_WARN_STRICT_PROTOTYPES = YES;
				CLANG_WARN_SUSPICIOUS_MOVE = YES;
				CLANG_WARN_UNGUARDED_AVAILABILITY = YES_AGGRESSIVE;
				CLANG_WARN_UNREACHABLE_CODE = YES;
				CLANG_WARN__DUPLICATE_METHOD_MATCH = YES;
				CODE_SIGN_IDENTITY = "iPhone Developer";
				COPY_PHASE_STRIP = NO;
				DEBUG_INFORMATION_FORMAT = "dwarf-with-dsym";
				ENABLE_NS_ASSERTIONS = NO;
				ENABLE_STRICT_OBJC_MSGSEND = YES;
				GCC_C_LANGUAGE_STANDARD = gnu11;
				GCC_NO_COMMON_BLOCKS = YES;
				GCC_WARN_64_TO_32_BIT_CONVERSION = YES;
				GCC_WARN_ABOUT_RETURN_TYPE = YES_ERROR;
				GCC_WARN_UNDECLARED_SELECTOR = YES;
				GCC_WARN_UNINITIALIZED_AUTOS = YES_AGGRESSIVE;
				GCC_WARN_UNUSED_FUNCTION = YES;
				GCC_WARN_UNUSED_VARIABLE = YES;
				IPHONEOS_DEPLOYMENT_TARGET = 11.2;
				MTL_ENABLE_DEBUG_INFO = NO;
				SDKROOT = iphoneos;
				SWIFT_OPTIMIZATION_LEVEL = "-Owholemodule";
				VALIDATE_PRODUCT = YES;
			};
			name = Release;
		};
		0FF1D2C820432B9F00760EA7 /* Debug */ = {
			isa = XCBuildConfiguration;
			buildSettings = {
				ASSETCATALOG_COMPILER_APPICON_NAME = AppIcon;
				CODE_SIGN_STYLE = Automatic;
				DEVELOPMENT_TEAM = 6RRJW259ZA;
				INFOPLIST_FILE = TesteTecnicoCVC/Info.plist;
				LD_RUNPATH_SEARCH_PATHS = "$(inherited) @executable_path/Frameworks";
				PRODUCT_BUNDLE_IDENTIFIER = br.com.sgj.TesteTecnicoCVC;
				PRODUCT_NAME = "$(TARGET_NAME)";
				SWIFT_VERSION = 4.0;
				TARGETED_DEVICE_FAMILY = "1,2";
			};
			name = Debug;
		};
		0FF1D2C920432B9F00760EA7 /* Release */ = {
			isa = XCBuildConfiguration;
			buildSettings = {
				ASSETCATALOG_COMPILER_APPICON_NAME = AppIcon;
				CODE_SIGN_STYLE = Automatic;
				DEVELOPMENT_TEAM = 6RRJW259ZA;
				INFOPLIST_FILE = TesteTecnicoCVC/Info.plist;
				LD_RUNPATH_SEARCH_PATHS = "$(inherited) @executable_path/Frameworks";
				PRODUCT_BUNDLE_IDENTIFIER = br.com.sgj.TesteTecnicoCVC;
				PRODUCT_NAME = "$(TARGET_NAME)";
				SWIFT_VERSION = 4.0;
				TARGETED_DEVICE_FAMILY = "1,2";
			};
			name = Release;
		};
		0FF1D2CB20432B9F00760EA7 /* Debug */ = {
			isa = XCBuildConfiguration;
			buildSettings = {
				ALWAYS_EMBED_SWIFT_STANDARD_LIBRARIES = YES;
				BUNDLE_LOADER = "$(TEST_HOST)";
				CODE_SIGN_STYLE = Automatic;
				DEVELOPMENT_TEAM = 6RRJW259ZA;
				INFOPLIST_FILE = TesteTecnicoCVCTests/Info.plist;
				LD_RUNPATH_SEARCH_PATHS = "$(inherited) @executable_path/Frameworks @loader_path/Frameworks";
				PRODUCT_BUNDLE_IDENTIFIER = br.com.sgj.TesteTecnicoCVCTests;
				PRODUCT_NAME = "$(TARGET_NAME)";
				SWIFT_VERSION = 4.0;
				TARGETED_DEVICE_FAMILY = "1,2";
				TEST_HOST = "$(BUILT_PRODUCTS_DIR)/TesteTecnicoCVC.app/TesteTecnicoCVC";
			};
			name = Debug;
		};
		0FF1D2CC20432B9F00760EA7 /* Release */ = {
			isa = XCBuildConfiguration;
			buildSettings = {
				ALWAYS_EMBED_SWIFT_STANDARD_LIBRARIES = YES;
				BUNDLE_LOADER = "$(TEST_HOST)";
				CODE_SIGN_STYLE = Automatic;
				DEVELOPMENT_TEAM = 6RRJW259ZA;
				INFOPLIST_FILE = TesteTecnicoCVCTests/Info.plist;
				LD_RUNPATH_SEARCH_PATHS = "$(inherited) @executable_path/Frameworks @loader_path/Frameworks";
				PRODUCT_BUNDLE_IDENTIFIER = br.com.sgj.TesteTecnicoCVCTests;
				PRODUCT_NAME = "$(TARGET_NAME)";
				SWIFT_VERSION = 4.0;
				TARGETED_DEVICE_FAMILY = "1,2";
				TEST_HOST = "$(BUILT_PRODUCTS_DIR)/TesteTecnicoCVC.app/TesteTecnicoCVC";
			};
			name = Release;
		};
/* End XCBuildConfiguration section */

/* Begin XCConfigurationList section */
		0FF1D2A520432B9F00760EA7 /* Build configuration list for PBXProject "TesteTecnicoCVC" */ = {
			isa = XCConfigurationList;
			buildConfigurations = (
				0FF1D2C520432B9F00760EA7 /* Debug */,
				0FF1D2C620432B9F00760EA7 /* Release */,
			);
			defaultConfigurationIsVisible = 0;
			defaultConfigurationName = Release;
		};
		0FF1D2C720432B9F00760EA7 /* Build configuration list for PBXNativeTarget "TesteTecnicoCVC" */ = {
			isa = XCConfigurationList;
			buildConfigurations = (
				0FF1D2C820432B9F00760EA7 /* Debug */,
				0FF1D2C920432B9F00760EA7 /* Release */,
			);
			defaultConfigurationIsVisible = 0;
			defaultConfigurationName = Release;
		};
		0FF1D2CA20432B9F00760EA7 /* Build configuration list for PBXNativeTarget "TesteTecnicoCVCTests" */ = {
			isa = XCConfigurationList;
			buildConfigurations = (
				0FF1D2CB20432B9F00760EA7 /* Debug */,
				0FF1D2CC20432B9F00760EA7 /* Release */,
			);
			defaultConfigurationIsVisible = 0;
			defaultConfigurationName = Release;
		};
/* End XCConfigurationList section */
	};
	rootObject = 0FF1D2A220432B9F00760EA7 /* Project object */;
}
